
Microsoft Visual Studio Solution File, Format Version 12.00
Project("{FAE04EC0-301F-11D3-BF4B-00C04F79EFBC}") = "dotnet-test-test", "dotnet-test-test\dotnet-test-test.csproj", "{DA69B785-EDD7-43B2-AF91-41955785C914}"
EndProject
Project("{FAE04EC0-301F-11D3-BF4B-00C04F79EFBC}") = "testing-tests", "testing-tests\testing-tests.csproj", "{12BDA280-EBBB-460A-90FA-12BE457BF228}"
EndProject
Global
	GlobalSection(SolutionConfigurationPlatforms) = preSolution
		Debug|Any CPU = Debug|Any CPU
		Release|Any CPU = Release|Any CPU
	EndGlobalSection
	GlobalSection(ProjectConfigurationPlatforms) = postSolution
		{DA69B785-EDD7-43B2-AF91-41955785C914}.Debug|Any CPU.ActiveCfg = Debug|Any CPU
		{DA69B785-EDD7-43B2-AF91-41955785C914}.Debug|Any CPU.Build.0 = Debug|Any CPU
		{DA69B785-EDD7-43B2-AF91-41955785C914}.Release|Any CPU.ActiveCfg = Release|Any CPU
		{DA69B785-EDD7-43B2-AF91-41955785C914}.Release|Any CPU.Build.0 = Release|Any CPU
		{12BDA280-EBBB-460A-90FA-12BE457BF228}.Debug|Any CPU.ActiveCfg = Debug|Any CPU
		{12BDA280-EBBB-460A-90FA-12BE457BF228}.Debug|Any CPU.Build.0 = Debug|Any CPU
		{12BDA280-EBBB-460A-90FA-12BE457BF228}.Release|Any CPU.ActiveCfg = Release|Any CPU
		{12BDA280-EBBB-460A-90FA-12BE457BF228}.Release|Any CPU.Build.0 = Release|Any CPU
	EndGlobalSection
EndGlobal
